// !$*UTF8*$!
{
	archiveVersion = 1;
	classes = {
	};
	objectVersion = 46;
	objects = {

/* Begin PBXBuildFile section */
		3BD7EAF71CA0C2AE00DED8EE /* AppDelegate.swift in Sources */ = {isa = PBXBuildFile; fileRef = 3BD7EAF61CA0C2AE00DED8EE /* AppDelegate.swift */; };
		3BD7EAF91CA0C2AE00DED8EE /* ViewController.swift in Sources */ = {isa = PBXBuildFile; fileRef = 3BD7EAF81CA0C2AE00DED8EE /* ViewController.swift */; };
		3BD7EAFC1CA0C2AE00DED8EE /* Main.storyboard in Resources */ = {isa = PBXBuildFile; fileRef = 3BD7EAFA1CA0C2AE00DED8EE /* Main.storyboard */; };
		3BD7EAFF1CA0C2AE00DED8EE /* FingerGuesser.xcdatamodeld in Sources */ = {isa = PBXBuildFile; fileRef = 3BD7EAFD1CA0C2AE00DED8EE /* FingerGuesser.xcdatamodeld */; };
		3BD7EB011CA0C2AE00DED8EE /* Assets.xcassets in Resources */ = {isa = PBXBuildFile; fileRef = 3BD7EB001CA0C2AE00DED8EE /* Assets.xcassets */; };
		3BD7EB041CA0C2AE00DED8EE /* LaunchScreen.storyboard in Resources */ = {isa = PBXBuildFile; fileRef = 3BD7EB021CA0C2AE00DED8EE /* LaunchScreen.storyboard */; };
		3BD7EB0F1CA0C2AF00DED8EE /* FingerGuesserTests.swift in Sources */ = {isa = PBXBuildFile; fileRef = 3BD7EB0E1CA0C2AF00DED8EE /* FingerGuesserTests.swift */; };
		3BD7EB1A1CA0C2AF00DED8EE /* FingerGuesserUITests.swift in Sources */ = {isa = PBXBuildFile; fileRef = 3BD7EB191CA0C2AF00DED8EE /* FingerGuesserUITests.swift */; };
/* End PBXBuildFile section */

/* Begin PBXContainerItemProxy section */
		3BD7EB0B1CA0C2AF00DED8EE /* PBXContainerItemProxy */ = {
			isa = PBXContainerItemProxy;
			containerPortal = 3BD7EAEB1CA0C2AE00DED8EE /* Project object */;
			proxyType = 1;
			remoteGlobalIDString = 3BD7EAF21CA0C2AE00DED8EE;
			remoteInfo = FingerGuesser;
		};
		3BD7EB161CA0C2AF00DED8EE /* PBXContainerItemProxy */ = {
			isa = PBXContainerItemProxy;
			containerPortal = 3BD7EAEB1CA0C2AE00DED8EE /* Project object */;
			proxyType = 1;
			remoteGlobalIDString = 3BD7EAF21CA0C2AE00DED8EE;
			remoteInfo = FingerGuesser;
		};
/* End PBXContainerItemProxy section */

/* Begin PBXFileReference section */
		3BD7EAF31CA0C2AE00DED8EE /* FingerGuesser.app */ = {isa = PBXFileReference; explicitFileType = wrapper.application; includeInIndex = 0; path = FingerGuesser.app; sourceTree = BUILT_PRODUCTS_DIR; };
		3BD7EAF61CA0C2AE00DED8EE /* AppDelegate.swift */ = {isa = PBXFileReference; lastKnownFileType = sourcecode.swift; path = AppDelegate.swift; sourceTree = "<group>"; };
		3BD7EAF81CA0C2AE00DED8EE /* ViewController.swift */ = {isa = PBXFileReference; lastKnownFileType = sourcecode.swift; path = ViewController.swift; sourceTree = "<group>"; };
		3BD7EAFB1CA0C2AE00DED8EE /* Base */ = {isa = PBXFileReference; lastKnownFileType = file.storyboard; name = Base; path = Base.lproj/Main.storyboard; sourceTree = "<group>"; };
		3BD7EAFE1CA0C2AE00DED8EE /* FingerGuesser.xcdatamodel */ = {isa = PBXFileReference; lastKnownFileType = wrapper.xcdatamodel; path = FingerGuesser.xcdatamodel; sourceTree = "<group>"; };
		3BD7EB001CA0C2AE00DED8EE /* Assets.xcassets */ = {isa = PBXFileReference; lastKnownFileType = folder.assetcatalog; path = Assets.xcassets; sourceTree = "<group>"; };
		3BD7EB031CA0C2AE00DED8EE /* Base */ = {isa = PBXFileReference; lastKnownFileType = file.storyboard; name = Base; path = Base.lproj/LaunchScreen.storyboard; sourceTree = "<group>"; };
		3BD7EB051CA0C2AE00DED8EE /* Info.plist */ = {isa = PBXFileReference; lastKnownFileType = text.plist.xml; path = Info.plist; sourceTree = "<group>"; };
		3BD7EB0A1CA0C2AF00DED8EE /* FingerGuesserTests.xctest */ = {isa = PBXFileReference; explicitFileType = wrapper.cfbundle; includeInIndex = 0; path = FingerGuesserTests.xctest; sourceTree = BUILT_PRODUCTS_DIR; };
		3BD7EB0E1CA0C2AF00DED8EE /* FingerGuesserTests.swift */ = {isa = PBXFileReference; lastKnownFileType = sourcecode.swift; path = FingerGuesserTests.swift; sourceTree = "<group>"; };
		3BD7EB101CA0C2AF00DED8EE /* Info.plist */ = {isa = PBXFileReference; lastKnownFileType = text.plist.xml; path = Info.plist; sourceTree = "<group>"; };
		3BD7EB151CA0C2AF00DED8EE /* FingerGuesserUITests.xctest */ = {isa = PBXFileReference; explicitFileType = wrapper.cfbundle; includeInIndex = 0; path = FingerGuesserUITests.xctest; sourceTree = BUILT_PRODUCTS_DIR; };
		3BD7EB191CA0C2AF00DED8EE /* FingerGuesserUITests.swift */ = {isa = PBXFileReference; lastKnownFileType = sourcecode.swift; path = FingerGuesserUITests.swift; sourceTree = "<group>"; };
		3BD7EB1B1CA0C2AF00DED8EE /* Info.plist */ = {isa = PBXFileReference; lastKnownFileType = text.plist.xml; path = Info.plist; sourceTree = "<group>"; };
/* End PBXFileReference section */

/* Begin PBXFrameworksBuildPhase section */
		3BD7EAF01CA0C2AE00DED8EE /* Frameworks */ = {
			isa = PBXFrameworksBuildPhase;
			buildActionMask = 2147483647;
			files = (
			);
			runOnlyForDeploymentPostprocessing = 0;
		};
		3BD7EB071CA0C2AF00DED8EE /* Frameworks */ = {
			isa = PBXFrameworksBuildPhase;
			buildActionMask = 2147483647;
			files = (
			);
			runOnlyForDeploymentPostprocessing = 0;
		};
		3BD7EB121CA0C2AF00DED8EE /* Frameworks */ = {
			isa = PBXFrameworksBuildPhase;
			buildActionMask = 2147483647;
			files = (
			);
			runOnlyForDeploymentPostprocessing = 0;
		};
/* End PBXFrameworksBuildPhase section */

/* Begin PBXGroup section */
		3BD7EAEA1CA0C2AE00DED8EE = {
			isa = PBXGroup;
			children = (
				3BD7EAF51CA0C2AE00DED8EE /* FingerGuesser */,
				3BD7EB0D1CA0C2AF00DED8EE /* FingerGuesserTests */,
				3BD7EB181CA0C2AF00DED8EE /* FingerGuesserUITests */,
				3BD7EAF41CA0C2AE00DED8EE /* Products */,
			);
			sourceTree = "<group>";
		};
		3BD7EAF41CA0C2AE00DED8EE /* Products */ = {
			isa = PBXGroup;
			children = (
				3BD7EAF31CA0C2AE00DED8EE /* FingerGuesser.app */,
				3BD7EB0A1CA0C2AF00DED8EE /* FingerGuesserTests.xctest */,
				3BD7EB151CA0C2AF00DED8EE /* FingerGuesserUITests.xctest */,
			);
			name = Products;
			sourceTree = "<group>";
		};
		3BD7EAF51CA0C2AE00DED8EE /* FingerGuesser */ = {
			isa = PBXGroup;
			children = (
				3BD7EAF61CA0C2AE00DED8EE /* AppDelegate.swift */,
				3BD7EAF81CA0C2AE00DED8EE /* ViewController.swift */,
				3BD7EAFA1CA0C2AE00DED8EE /* Main.storyboard */,
				3BD7EB001CA0C2AE00DED8EE /* Assets.xcassets */,
				3BD7EB021CA0C2AE00DED8EE /* LaunchScreen.storyboard */,
				3BD7EB051CA0C2AE00DED8EE /* Info.plist */,
				3BD7EAFD1CA0C2AE00DED8EE /* FingerGuesser.xcdatamodeld */,
			);
			path = FingerGuesser;
			sourceTree = "<group>";
		};
		3BD7EB0D1CA0C2AF00DED8EE /* FingerGuesserTests */ = {
			isa = PBXGroup;
			children = (
				3BD7EB0E1CA0C2AF00DED8EE /* FingerGuesserTests.swift */,
				3BD7EB101CA0C2AF00DED8EE /* Info.plist */,
			);
			path = FingerGuesserTests;
			sourceTree = "<group>";
		};
		3BD7EB181CA0C2AF00DED8EE /* FingerGuesserUITests */ = {
			isa = PBXGroup;
			children = (
				3BD7EB191CA0C2AF00DED8EE /* FingerGuesserUITests.swift */,
				3BD7EB1B1CA0C2AF00DED8EE /* Info.plist */,
			);
			path = FingerGuesserUITests;
			sourceTree = "<group>";
		};
/* End PBXGroup section */

/* Begin PBXNativeTarget section */
		3BD7EAF21CA0C2AE00DED8EE /* FingerGuesser */ = {
			isa = PBXNativeTarget;
			buildConfigurationList = 3BD7EB1E1CA0C2AF00DED8EE /* Build configuration list for PBXNativeTarget "FingerGuesser" */;
			buildPhases = (
				3BD7EAEF1CA0C2AE00DED8EE /* Sources */,
				3BD7EAF01CA0C2AE00DED8EE /* Frameworks */,
				3BD7EAF11CA0C2AE00DED8EE /* Resources */,
			);
			buildRules = (
			);
			dependencies = (
			);
			name = FingerGuesser;
			productName = FingerGuesser;
			productReference = 3BD7EAF31CA0C2AE00DED8EE /* FingerGuesser.app */;
			productType = "com.apple.product-type.application";
		};
		3BD7EB091CA0C2AF00DED8EE /* FingerGuesserTests */ = {
			isa = PBXNativeTarget;
			buildConfigurationList = 3BD7EB211CA0C2AF00DED8EE /* Build configuration list for PBXNativeTarget "FingerGuesserTests" */;
			buildPhases = (
				3BD7EB061CA0C2AF00DED8EE /* Sources */,
				3BD7EB071CA0C2AF00DED8EE /* Frameworks */,
				3BD7EB081CA0C2AF00DED8EE /* Resources */,
			);
			buildRules = (
			);
			dependencies = (
				3BD7EB0C1CA0C2AF00DED8EE /* PBXTargetDependency */,
			);
			name = FingerGuesserTests;
			productName = FingerGuesserTests;
			productReference = 3BD7EB0A1CA0C2AF00DED8EE /* FingerGuesserTests.xctest */;
			productType = "com.apple.product-type.bundle.unit-test";
		};
		3BD7EB141CA0C2AF00DED8EE /* FingerGuesserUITests */ = {
			isa = PBXNativeTarget;
			buildConfigurationList = 3BD7EB241CA0C2AF00DED8EE /* Build configuration list for PBXNativeTarget "FingerGuesserUITests" */;
			buildPhases = (
				3BD7EB111CA0C2AF00DED8EE /* Sources */,
				3BD7EB121CA0C2AF00DED8EE /* Frameworks */,
				3BD7EB131CA0C2AF00DED8EE /* Resources */,
			);
			buildRules = (
			);
			dependencies = (
				3BD7EB171CA0C2AF00DED8EE /* PBXTargetDependency */,
			);
			name = FingerGuesserUITests;
			productName = FingerGuesserUITests;
			productReference = 3BD7EB151CA0C2AF00DED8EE /* FingerGuesserUITests.xctest */;
			productType = "com.apple.product-type.bundle.ui-testing";
		};
/* End PBXNativeTarget section */

/* Begin PBXProject section */
		3BD7EAEB1CA0C2AE00DED8EE /* Project object */ = {
			isa = PBXProject;
			attributes = {
				LastSwiftUpdateCheck = 0720;
				LastUpgradeCheck = 0720;
				ORGANIZATIONNAME = "Sebastian Grobelny";
				TargetAttributes = {
					3BD7EAF21CA0C2AE00DED8EE = {
						CreatedOnToolsVersion = 7.2.1;
						DevelopmentTeam = 6HEJU4553B;
					};
					3BD7EB091CA0C2AF00DED8EE = {
						CreatedOnToolsVersion = 7.2.1;
						DevelopmentTeam = 6HEJU4553B;
						TestTargetID = 3BD7EAF21CA0C2AE00DED8EE;
					};
					3BD7EB141CA0C2AF00DED8EE = {
						CreatedOnToolsVersion = 7.2.1;
						DevelopmentTeam = 6HEJU4553B;
						TestTargetID = 3BD7EAF21CA0C2AE00DED8EE;
					};
				};
			};
			buildConfigurationList = 3BD7EAEE1CA0C2AE00DED8EE /* Build configuration list for PBXProject "FingerGuesser" */;
			compatibilityVersion = "Xcode 3.2";
			developmentRegion = English;
			hasScannedForEncodings = 0;
			knownRegions = (
				en,
				Base,
			);
			mainGroup = 3BD7EAEA1CA0C2AE00DED8EE;
			productRefGroup = 3BD7EAF41CA0C2AE00DED8EE /* Products */;
			projectDirPath = "";
			projectRoot = "";
			targets = (
				3BD7EAF21CA0C2AE00DED8EE /* FingerGuesser */,
				3BD7EB091CA0C2AF00DED8EE /* FingerGuesserTests */,
				3BD7EB141CA0C2AF00DED8EE /* FingerGuesserUITests */,
			);
		};
/* End PBXProject section */

/* Begin PBXResourcesBuildPhase section */
		3BD7EAF11CA0C2AE00DED8EE /* Resources */ = {
			isa = PBXResourcesBuildPhase;
			buildActionMask = 2147483647;
			files = (
				3BD7EB041CA0C2AE00DED8EE /* LaunchScreen.storyboard in Resources */,
				3BD7EB011CA0C2AE00DED8EE /* Assets.xcassets in Resources */,
				3BD7EAFC1CA0C2AE00DED8EE /* Main.storyboard in Resources */,
			);
			runOnlyForDeploymentPostprocessing = 0;
		};
		3BD7EB081CA0C2AF00DED8EE /* Resources */ = {
			isa = PBXResourcesBuildPhase;
			buildActionMask = 2147483647;
			files = (
			);
			runOnlyForDeploymentPostprocessing = 0;
		};
		3BD7EB131CA0C2AF00DED8EE /* Resources */ = {
			isa = PBXResourcesBuildPhase;
			buildActionMask = 2147483647;
			files = (
			);
			runOnlyForDeploymentPostprocessing = 0;
		};
/* End PBXResourcesBuildPhase section */

/* Begin PBXSourcesBuildPhase section */
		3BD7EAEF1CA0C2AE00DED8EE /* Sources */ = {
			isa = PBXSourcesBuildPhase;
			buildActionMask = 2147483647;
			files = (
				3BD7EAFF1CA0C2AE00DED8EE /* FingerGuesser.xcdatamodeld in Sources */,
				3BD7EAF91CA0C2AE00DED8EE /* ViewController.swift in Sources */,
				3BD7EAF71CA0C2AE00DED8EE /* AppDelegate.swift in Sources */,
			);
			runOnlyForDeploymentPostprocessing = 0;
		};
		3BD7EB061CA0C2AF00DED8EE /* Sources */ = {
			isa = PBXSourcesBuildPhase;
			buildActionMask = 2147483647;
			files = (
				3BD7EB0F1CA0C2AF00DED8EE /* FingerGuesserTests.swift in Sources */,
			);
			runOnlyForDeploymentPostprocessing = 0;
		};
		3BD7EB111CA0C2AF00DED8EE /* Sources */ = {
			isa = PBXSourcesBuildPhase;
			buildActionMask = 2147483647;
			files = (
				3BD7EB1A1CA0C2AF00DED8EE /* FingerGuesserUITests.swift in Sources */,
			);
			runOnlyForDeploymentPostprocessing = 0;
		};
/* End PBXSourcesBuildPhase section */

/* Begin PBXTargetDependency section */
		3BD7EB0C1CA0C2AF00DED8EE /* PBXTargetDependency */ = {
			isa = PBXTargetDependency;
			target = 3BD7EAF21CA0C2AE00DED8EE /* FingerGuesser */;
			targetProxy = 3BD7EB0B1CA0C2AF00DED8EE /* PBXContainerItemProxy */;
		};
		3BD7EB171CA0C2AF00DED8EE /* PBXTargetDependency */ = {
			isa = PBXTargetDependency;
			target = 3BD7EAF21CA0C2AE00DED8EE /* FingerGuesser */;
			targetProxy = 3BD7EB161CA0C2AF00DED8EE /* PBXContainerItemProxy */;
		};
/* End PBXTargetDependency section */

/* Begin PBXVariantGroup section */
		3BD7EAFA1CA0C2AE00DED8EE /* Main.storyboard */ = {
			isa = PBXVariantGroup;
			children = (
				3BD7EAFB1CA0C2AE00DED8EE /* Base */,
			);
			name = Main.storyboard;
			sourceTree = "<group>";
		};
		3BD7EB021CA0C2AE00DED8EE /* LaunchScreen.storyboard */ = {
			isa = PBXVariantGroup;
			children = (
				3BD7EB031CA0C2AE00DED8EE /* Base */,
			);
			name = LaunchScreen.storyboard;
			sourceTree = "<group>";
		};
/* End PBXVariantGroup section */

/* Begin XCBuildConfiguration section */
		3BD7EB1C1CA0C2AF00DED8EE /* Debug */ = {
			isa = XCBuildConfiguration;
			buildSettings = {
				ALWAYS_SEARCH_USER_PATHS = NO;
				CLANG_CXX_LANGUAGE_STANDARD = "gnu++0x";
				CLANG_CXX_LIBRARY = "libc++";
				CLANG_ENABLE_MODULES = YES;
				CLANG_ENABLE_OBJC_ARC = YES;
				CLANG_WARN_BOOL_CONVERSION = YES;
				CLANG_WARN_CONSTANT_CONVERSION = YES;
				CLANG_WARN_DIRECT_OBJC_ISA_USAGE = YES_ERROR;
				CLANG_WARN_EMPTY_BODY = YES;
				CLANG_WARN_ENUM_CONVERSION = YES;
				CLANG_WARN_INT_CONVERSION = YES;
				CLANG_WARN_OBJC_ROOT_CLASS = YES_ERROR;
				CLANG_WARN_UNREACHABLE_CODE = YES;
				CLANG_WARN__DUPLICATE_METHOD_MATCH = YES;
				"CODE_SIGN_IDENTITY[sdk=iphoneos*]" = "iPhone Developer";
				COPY_PHASE_STRIP = NO;
				DEBUG_INFORMATION_FORMAT = dwarf;
				ENABLE_STRICT_OBJC_MSGSEND = YES;
				ENABLE_TESTABILITY = YES;
				GCC_C_LANGUAGE_STANDARD = gnu99;
				GCC_DYNAMIC_NO_PIC = NO;
				GCC_NO_COMMON_BLOCKS = YES;
				GCC_OPTIMIZATION_LEVEL = 0;
				GCC_PREPROCESSOR_DEFINITIONS = (
					"DEBUG=1",
					"$(inherited)",
				);
				GCC_WARN_64_TO_32_BIT_CONVERSION = YES;
				GCC_WARN_ABOUT_RETURN_TYPE = YES_ERROR;
				GCC_WARN_UNDECLARED_SELECTOR = YES;
				GCC_WARN_UNINITIALIZED_AUTOS = YES_AGGRESSIVE;
				GCC_WARN_UNUSED_FUNCTION = YES;
				GCC_WARN_UNUSED_VARIABLE = YES;
				IPHONEOS_DEPLOYMENT_TARGET = 9.2;
				MTL_ENABLE_DEBUG_INFO = YES;
				ONLY_ACTIVE_ARCH = YES;
				SDKROOT = iphoneos;
				SWIFT_OPTIMIZATION_LEVEL = "-Onone";
			};
			name = Debug;
		};
		3BD7EB1D1CA0C2AF00DED8EE /* Release */ = {
			isa = XCBuildConfiguration;
			buildSettings = {
				ALWAYS_SEARCH_USER_PATHS = NO;
				CLANG_CXX_LANGUAGE_STANDARD = "gnu++0x";
				CLANG_CXX_LIBRARY = "libc++";
				CLANG_ENABLE_MODULES = YES;
				CLANG_ENABLE_OBJC_ARC = YES;
				CLANG_WARN_BOOL_CONVERSION = YES;
				CLANG_WARN_CONSTANT_CONVERSION = YES;
				CLANG_WARN_DIRECT_OBJC_ISA_USAGE = YES_ERROR;
				CLANG_WARN_EMPTY_BODY = YES;
				CLANG_WARN_ENUM_CONVERSION = YES;
				CLANG_WARN_INT_CONVERSION = YES;
				CLANG_WARN_OBJC_ROOT_CLASS = YES_ERROR;
				CLANG_WARN_UNREACHABLE_CODE = YES;
				CLANG_WARN__DUPLICATE_METHOD_MATCH = YES;
				"CODE_SIGN_IDENTITY[sdk=iphoneos*]" = "iPhone Developer";
				COPY_PHASE_STRIP = NO;
				DEBUG_INFORMATION_FORMAT = "dwarf-with-dsym";
				ENABLE_NS_ASSERTIONS = NO;
				ENABLE_STRICT_OBJC_MSGSEND = YES;
				GCC_C_LANGUAGE_STANDARD = gnu99;
				GCC_NO_COMMON_BLOCKS = YES;
				GCC_WARN_64_TO_32_BIT_CONVERSION = YES;
				GCC_WARN_ABOUT_RETURN_TYPE = YES_ERROR;
				GCC_WARN_UNDECLARED_SELECTOR = YES;
				GCC_WARN_UNINITIALIZED_AUTOS = YES_AGGRESSIVE;
				GCC_WARN_UNUSED_FUNCTION = YES;
				GCC_WARN_UNUSED_VARIABLE = YES;
				IPHONEOS_DEPLOYMENT_TARGET = 9.2;
				MTL_ENABLE_DEBUG_INFO = NO;
				SDKROOT = iphoneos;
				VALIDATE_PRODUCT = YES;
			};
			name = Release;
		};
		3BD7EB1F1CA0C2AF00DED8EE /* Debug */ = {
			isa = XCBuildConfiguration;
			buildSettings = {
				ASSETCATALOG_COMPILER_APPICON_NAME = AppIcon;
				INFOPLIST_FILE = FingerGuesser/Info.plist;
				LD_RUNPATH_SEARCH_PATHS = "$(inherited) @executable_path/Frameworks";
				PRODUCT_BUNDLE_IDENTIFIER = com.sgrobelny.FingerGuesser;
				PRODUCT_NAME = "$(TARGET_NAME)";
			};
			name = Debug;
		};
		3BD7EB201CA0C2AF00DED8EE /* Release */ = {
			isa = XCBuildConfiguration;
			buildSettings = {
				ASSETCATALOG_COMPILER_APPICON_NAME = AppIcon;
				INFOPLIST_FILE = FingerGuesser/Info.plist;
				LD_RUNPATH_SEARCH_PATHS = "$(inherited) @executable_path/Frameworks";
				PRODUCT_BUNDLE_IDENTIFIER = com.sgrobelny.FingerGuesser;
				PRODUCT_NAME = "$(TARGET_NAME)";
			};
			name = Release;
		};
		3BD7EB221CA0C2AF00DED8EE /* Debug */ = {
			isa = XCBuildConfiguration;
			buildSettings = {
				BUNDLE_LOADER = "$(TEST_HOST)";
				INFOPLIST_FILE = FingerGuesserTests/Info.plist;
				LD_RUNPATH_SEARCH_PATHS = "$(inherited) @executable_path/Frameworks @loader_path/Frameworks";
				PRODUCT_BUNDLE_IDENTIFIER = com.sgrobelny.FingerGuesserTests;
				PRODUCT_NAME = "$(TARGET_NAME)";
				TEST_HOST = "$(BUILT_PRODUCTS_DIR)/FingerGuesser.app/FingerGuesser";
			};
			name = Debug;
		};
		3BD7EB231CA0C2AF00DED8EE /* Release */ = {
			isa = XCBuildConfiguration;
			buildSettings = {
				BUNDLE_LOADER = "$(TEST_HOST)";
				INFOPLIST_FILE = FingerGuesserTests/Info.plist;
				LD_RUNPATH_SEARCH_PATHS = "$(inherited) @executable_path/Frameworks @loader_path/Frameworks";
				PRODUCT_BUNDLE_IDENTIFIER = com.sgrobelny.FingerGuesserTests;
				PRODUCT_NAME = "$(TARGET_NAME)";
				TEST_HOST = "$(BUILT_PRODUCTS_DIR)/FingerGuesser.app/FingerGuesser";
			};
			name = Release;
		};
		3BD7EB251CA0C2AF00DED8EE /* Debug */ = {
			isa = XCBuildConfiguration;
			buildSettings = {
				INFOPLIST_FILE = FingerGuesserUITests/Info.plist;
				LD_RUNPATH_SEARCH_PATHS = "$(inherited) @executable_path/Frameworks @loader_path/Frameworks";
				PRODUCT_BUNDLE_IDENTIFIER = com.sgrobelny.FingerGuesserUITests;
				PRODUCT_NAME = "$(TARGET_NAME)";
				TEST_TARGET_NAME = FingerGuesser;
				USES_XCTRUNNER = YES;
			};
			name = Debug;
		};
		3BD7EB261CA0C2AF00DED8EE /* Release */ = {
			isa = XCBuildConfiguration;
			buildSettings = {
				INFOPLIST_FILE = FingerGuesserUITests/Info.plist;
				LD_RUNPATH_SEARCH_PATHS = "$(inherited) @executable_path/Frameworks @loader_path/Frameworks";
				PRODUCT_BUNDLE_IDENTIFIER = com.sgrobelny.FingerGuesserUITests;
				PRODUCT_NAME = "$(TARGET_NAME)";
				TEST_TARGET_NAME = FingerGuesser;
				USES_XCTRUNNER = YES;
			};
			name = Release;
		};
/* End XCBuildConfiguration section */

/* Begin XCConfigurationList section */
		3BD7EAEE1CA0C2AE00DED8EE /* Build configuration list for PBXProject "FingerGuesser" */ = {
			isa = XCConfigurationList;
			buildConfigurations = (
				3BD7EB1C1CA0C2AF00DED8EE /* Debug */,
				3BD7EB1D1CA0C2AF00DED8EE /* Release */,
			);
			defaultConfigurationIsVisible = 0;
			defaultConfigurationName = Release;
		};
		3BD7EB1E1CA0C2AF00DED8EE /* Build configuration list for PBXNativeTarget "FingerGuesser" */ = {
			isa = XCConfigurationList;
			buildConfigurations = (
				3BD7EB1F1CA0C2AF00DED8EE /* Debug */,
				3BD7EB201CA0C2AF00DED8EE /* Release */,
			);
			defaultConfigurationIsVisible = 0;
		};
		3BD7EB211CA0C2AF00DED8EE /* Build configuration list for PBXNativeTarget "FingerGuesserTests" */ = {
			isa = XCConfigurationList;
			buildConfigurations = (
				3BD7EB221CA0C2AF00DED8EE /* Debug */,
				3BD7EB231CA0C2AF00DED8EE /* Release */,
			);
			defaultConfigurationIsVisible = 0;
		};
		3BD7EB241CA0C2AF00DED8EE /* Build configuration list for PBXNativeTarget "FingerGuesserUITests" */ = {
			isa = XCConfigurationList;
			buildConfigurations = (
				3BD7EB251CA0C2AF00DED8EE /* Debug */,
				3BD7EB261CA0C2AF00DED8EE /* Release */,
			);
			defaultConfigurationIsVisible = 0;
		};
/* End XCConfigurationList section */

/* Begin XCVersionGroup section */
		3BD7EAFD1CA0C2AE00DED8EE /* FingerGuesser.xcdatamodeld */ = {
			isa = XCVersionGroup;
			children = (
				3BD7EAFE1CA0C2AE00DED8EE /* FingerGuesser.xcdatamodel */,
			);
			currentVersion = 3BD7EAFE1CA0C2AE00DED8EE /* FingerGuesser.xcdatamodel */;
			path = FingerGuesser.xcdatamodeld;
			sourceTree = "<group>";
			versionGroupType = wrapper.xcdatamodel;
		};
/* End XCVersionGroup section */
	};
	rootObject = 3BD7EAEB1CA0C2AE00DED8EE /* Project object */;
}
